
Microsoft Visual Studio Solution File, Format Version 12.00
# Visual Studio Version 17
VisualStudioVersion = 17.5.002.0
MinimumVisualStudioVersion = 10.0.40219.1
Project("{9A19103F-16F7-4668-BE54-9A1E7A4F7556}") = "DesafioFundamentos", "DesafioFundamentos\DesafioFundamentos.csproj", "{9C62C042-1CCC-40EF-BE4F-2AD93C8462C5}"
EndProject
Project("{9A19103F-16F7-4668-BE54-9A1E7A4F7556}") = "DesafioProjetoHospedagem", "DesafioHospedes\DesafioProjetoHospedagem.csproj", "{9F4B7861-E6B0-4A7B-A6EC-FF38721EB30E}"
EndProject
Project("{9A19103F-16F7-4668-BE54-9A1E7A4F7556}") = "ExemploPOO", "ExemploPOO\ExemploPOO.csproj", "{5F4DC915-3339-49C2-A3E8-2B5695CCAFA8}"
EndProject
Project("{9A19103F-16F7-4668-BE54-9A1E7A4F7556}") = "Fundamentos", "Fundamentos\Fundamentos.csproj", "{3063D2A3-1C10-442D-B167-DB0E06193F8A}"
EndProject
Project("{9A19103F-16F7-4668-BE54-9A1E7A4F7556}") = "Fundamentos.NET8", "Fundamentos.NET8\Fundamentos.NET8.csproj", "{A6681760-79BC-465A-A9BA-4E40916943F0}"
EndProject
Project("{9A19103F-16F7-4668-BE54-9A1E7A4F7556}") = "dotnet", "TesteFundamentos\dotnet.csproj", "{20D66681-892A-426C-A21D-2B3BFF0B5FDD}"
EndProject
Project("{FAE04EC0-301F-11D3-BF4B-00C04F79EFBC}") = "CrudApi", "CrudApi\CrudApi.csproj", "{46920EBD-D165-47A4-8324-4914A42A287C}"
EndProject
Global
	GlobalSection(SolutionConfigurationPlatforms) = preSolution
		Debug|Any CPU = Debug|Any CPU
		Release|Any CPU = Release|Any CPU
	EndGlobalSection
	GlobalSection(ProjectConfigurationPlatforms) = postSolution
		{9C62C042-1CCC-40EF-BE4F-2AD93C8462C5}.Debug|Any CPU.ActiveCfg = Debug|Any CPU
		{9C62C042-1CCC-40EF-BE4F-2AD93C8462C5}.Debug|Any CPU.Build.0 = Debug|Any CPU
		{9C62C042-1CCC-40EF-BE4F-2AD93C8462C5}.Release|Any CPU.ActiveCfg = Release|Any CPU
		{9C62C042-1CCC-40EF-BE4F-2AD93C8462C5}.Release|Any CPU.Build.0 = Release|Any CPU
		{9F4B7861-E6B0-4A7B-A6EC-FF38721EB30E}.Debug|Any CPU.ActiveCfg = Debug|Any CPU
		{9F4B7861-E6B0-4A7B-A6EC-FF38721EB30E}.Debug|Any CPU.Build.0 = Debug|Any CPU
		{9F4B7861-E6B0-4A7B-A6EC-FF38721EB30E}.Release|Any CPU.ActiveCfg = Release|Any CPU
		{9F4B7861-E6B0-4A7B-A6EC-FF38721EB30E}.Release|Any CPU.Build.0 = Release|Any CPU
		{5F4DC915-3339-49C2-A3E8-2B5695CCAFA8}.Debug|Any CPU.ActiveCfg = Debug|Any CPU
		{5F4DC915-3339-49C2-A3E8-2B5695CCAFA8}.Debug|Any CPU.Build.0 = Debug|Any CPU
		{5F4DC915-3339-49C2-A3E8-2B5695CCAFA8}.Release|Any CPU.ActiveCfg = Release|Any CPU
		{5F4DC915-3339-49C2-A3E8-2B5695CCAFA8}.Release|Any CPU.Build.0 = Release|Any CPU
		{3063D2A3-1C10-442D-B167-DB0E06193F8A}.Debug|Any CPU.ActiveCfg = Debug|Any CPU
		{3063D2A3-1C10-442D-B167-DB0E06193F8A}.Debug|Any CPU.Build.0 = Debug|Any CPU
		{3063D2A3-1C10-442D-B167-DB0E06193F8A}.Release|Any CPU.ActiveCfg = Release|Any CPU
		{3063D2A3-1C10-442D-B167-DB0E06193F8A}.Release|Any CPU.Build.0 = Release|Any CPU
		{A6681760-79BC-465A-A9BA-4E40916943F0}.Debug|Any CPU.ActiveCfg = Debug|Any CPU
		{A6681760-79BC-465A-A9BA-4E40916943F0}.Debug|Any CPU.Build.0 = Debug|Any CPU
		{A6681760-79BC-465A-A9BA-4E40916943F0}.Release|Any CPU.ActiveCfg = Release|Any CPU
		{A6681760-79BC-465A-A9BA-4E40916943F0}.Release|Any CPU.Build.0 = Release|Any CPU
		{20D66681-892A-426C-A21D-2B3BFF0B5FDD}.Debug|Any CPU.ActiveCfg = Debug|Any CPU
		{20D66681-892A-426C-A21D-2B3BFF0B5FDD}.Debug|Any CPU.Build.0 = Debug|Any CPU
		{20D66681-892A-426C-A21D-2B3BFF0B5FDD}.Release|Any CPU.ActiveCfg = Release|Any CPU
		{20D66681-892A-426C-A21D-2B3BFF0B5FDD}.Release|Any CPU.Build.0 = Release|Any CPU
		{238C0761-1108-49A5-8D35-0255897717B9}.Debug|Any CPU.ActiveCfg = Debug|Any CPU
		{238C0761-1108-49A5-8D35-0255897717B9}.Debug|Any CPU.Build.0 = Debug|Any CPU
		{238C0761-1108-49A5-8D35-0255897717B9}.Release|Any CPU.ActiveCfg = Release|Any CPU
		{238C0761-1108-49A5-8D35-0255897717B9}.Release|Any CPU.Build.0 = Release|Any CPU
		{77053505-0D0F-455E-A590-102E6E67FF7C}.Debug|Any CPU.ActiveCfg = Debug|Any CPU
		{77053505-0D0F-455E-A590-102E6E67FF7C}.Debug|Any CPU.Build.0 = Debug|Any CPU
		{77053505-0D0F-455E-A590-102E6E67FF7C}.Release|Any CPU.ActiveCfg = Release|Any CPU
		{77053505-0D0F-455E-A590-102E6E67FF7C}.Release|Any CPU.Build.0 = Release|Any CPU
		{46920EBD-D165-47A4-8324-4914A42A287C}.Debug|Any CPU.ActiveCfg = Debug|Any CPU
		{46920EBD-D165-47A4-8324-4914A42A287C}.Debug|Any CPU.Build.0 = Debug|Any CPU
		{46920EBD-D165-47A4-8324-4914A42A287C}.Release|Any CPU.ActiveCfg = Release|Any CPU
		{46920EBD-D165-47A4-8324-4914A42A287C}.Release|Any CPU.Build.0 = Release|Any CPU
	EndGlobalSection
	GlobalSection(SolutionProperties) = preSolution
		HideSolutionNode = FALSE
	EndGlobalSection
	GlobalSection(NestedProjects) = preSolution
	EndGlobalSection
	GlobalSection(ExtensibilityGlobals) = postSolution
		SolutionGuid = {CEEF37E2-B6C6-45DC-AD37-BC192DA95FE3}
	EndGlobalSection
EndGlobal
