
Microsoft Visual Studio Solution File, Format Version 12.00
# Visual Studio Version 17
VisualStudioVersion = 17.5.002.0
MinimumVisualStudioVersion = 10.0.40219.1
Project("{9A19103F-16F7-4668-BE54-9A1E7A4F7556}") = "DesafioMinimal-API", "DesafioMinimal-API.csproj", "{42620FD0-725A-4550-A3B3-7E7C15DDC870}"
EndProject
Global
	GlobalSection(SolutionConfigurationPlatforms) = preSolution
		Debug|Any CPU = Debug|Any CPU
		Release|Any CPU = Release|Any CPU
	EndGlobalSection
	GlobalSection(ProjectConfigurationPlatforms) = postSolution
		{42620FD0-725A-4550-A3B3-7E7C15DDC870}.Debug|Any CPU.ActiveCfg = Debug|Any CPU
		{42620FD0-725A-4550-A3B3-7E7C15DDC870}.Debug|Any CPU.Build.0 = Debug|Any CPU
		{42620FD0-725A-4550-A3B3-7E7C15DDC870}.Release|Any CPU.ActiveCfg = Release|Any CPU
		{42620FD0-725A-4550-A3B3-7E7C15DDC870}.Release|Any CPU.Build.0 = Release|Any CPU
	EndGlobalSection
	GlobalSection(SolutionProperties) = preSolution
		HideSolutionNode = FALSE
	EndGlobalSection
	GlobalSection(ExtensibilityGlobals) = postSolution
		SolutionGuid = {0963CBBD-F831-4C7F-A022-CF83953866C3}
	EndGlobalSection
EndGlobal
